
Microsoft Visual Studio Solution File, Format Version 12.00
# Visual Studio Version 17
VisualStudioVersion = 17.9.34728.123
MinimumVisualStudioVersion = 10.0.40219.1
Project("{FAE04EC0-301F-11D3-BF4B-00C04F79EFBC}") = "QASystem", "QASystem\QASystem.csproj", "{41A8FC76-0D20-4FA8-BE37-41A2460F6859}"
EndProject
Global
	GlobalSection(SolutionConfigurationPlatforms) = preSolution
		Debug|Any CPU = Debug|Any CPU
		Release|Any CPU = Release|Any CPU
	EndGlobalSection
	GlobalSection(ProjectConfigurationPlatforms) = postSolution
		{41A8FC76-0D20-4FA8-BE37-41A2460F6859}.Debug|Any CPU.ActiveCfg = Debug|Any CPU
		{41A8FC76-0D20-4FA8-BE37-41A2460F6859}.Debug|Any CPU.Build.0 = Debug|Any CPU
		{41A8FC76-0D20-4FA8-BE37-41A2460F6859}.Release|Any CPU.ActiveCfg = Release|Any CPU
		{41A8FC76-0D20-4FA8-BE37-41A2460F6859}.Release|Any CPU.Build.0 = Release|Any CPU
	EndGlobalSection
	GlobalSection(SolutionProperties) = preSolution
		HideSolutionNode = FALSE
	EndGlobalSection
	GlobalSection(ExtensibilityGlobals) = postSolution
		SolutionGuid = {89B11EB7-190D-4DDF-B716-6939D4EF872D}
	EndGlobalSection
EndGlobal
